// !$*UTF8*$!
{
	archiveVersion = 1;
	classes = {
	};
	objectVersion = 46;
	objects = {

/* Begin PBXBuildFile section */
		998D452A1EFB8E69002371CF /* AppDelegate.swift in Sources */ = {isa = PBXBuildFile; fileRef = 998D45291EFB8E69002371CF /* AppDelegate.swift */; };
		998D452C1EFB8E69002371CF /* ViewController.swift in Sources */ = {isa = PBXBuildFile; fileRef = 998D452B1EFB8E69002371CF /* ViewController.swift */; };
		998D452F1EFB8E69002371CF /* Main.storyboard in Resources */ = {isa = PBXBuildFile; fileRef = 998D452D1EFB8E69002371CF /* Main.storyboard */; };
		998D45321EFB8E69002371CF /* SwiftTest.xcdatamodeld in Sources */ = {isa = PBXBuildFile; fileRef = 998D45301EFB8E69002371CF /* SwiftTest.xcdatamodeld */; };
		998D45341EFB8E69002371CF /* Assets.xcassets in Resources */ = {isa = PBXBuildFile; fileRef = 998D45331EFB8E69002371CF /* Assets.xcassets */; };
		998D45371EFB8E69002371CF /* LaunchScreen.storyboard in Resources */ = {isa = PBXBuildFile; fileRef = 998D45351EFB8E69002371CF /* LaunchScreen.storyboard */; };
		998D45421EFB8E69002371CF /* SwiftTestTests.swift in Sources */ = {isa = PBXBuildFile; fileRef = 998D45411EFB8E69002371CF /* SwiftTestTests.swift */; };
/* End PBXBuildFile section */

/* Begin PBXContainerItemProxy section */
		998D453E1EFB8E69002371CF /* PBXContainerItemProxy */ = {
			isa = PBXContainerItemProxy;
			containerPortal = 998D451E1EFB8E69002371CF /* Project object */;
			proxyType = 1;
			remoteGlobalIDString = 998D45251EFB8E69002371CF;
			remoteInfo = SwiftTest;
		};
/* End PBXContainerItemProxy section */

/* Begin PBXFileReference section */
		998D45261EFB8E69002371CF /* SwiftTest.app */ = {isa = PBXFileReference; explicitFileType = wrapper.application; includeInIndex = 0; path = SwiftTest.app; sourceTree = BUILT_PRODUCTS_DIR; };
		998D45291EFB8E69002371CF /* AppDelegate.swift */ = {isa = PBXFileReference; lastKnownFileType = sourcecode.swift; path = AppDelegate.swift; sourceTree = "<group>"; };
		998D452B1EFB8E69002371CF /* ViewController.swift */ = {isa = PBXFileReference; lastKnownFileType = sourcecode.swift; path = ViewController.swift; sourceTree = "<group>"; };
		998D452E1EFB8E69002371CF /* Base */ = {isa = PBXFileReference; lastKnownFileType = file.storyboard; name = Base; path = Base.lproj/Main.storyboard; sourceTree = "<group>"; };
		998D45311EFB8E69002371CF /* SwiftTest.xcdatamodel */ = {isa = PBXFileReference; lastKnownFileType = wrapper.xcdatamodel; path = SwiftTest.xcdatamodel; sourceTree = "<group>"; };
		998D45331EFB8E69002371CF /* Assets.xcassets */ = {isa = PBXFileReference; lastKnownFileType = folder.assetcatalog; path = Assets.xcassets; sourceTree = "<group>"; };
		998D45361EFB8E69002371CF /* Base */ = {isa = PBXFileReference; lastKnownFileType = file.storyboard; name = Base; path = Base.lproj/LaunchScreen.storyboard; sourceTree = "<group>"; };
		998D45381EFB8E69002371CF /* Info.plist */ = {isa = PBXFileReference; lastKnownFileType = text.plist.xml; path = Info.plist; sourceTree = "<group>"; };
		998D453D1EFB8E69002371CF /* SwiftTestTests.xctest */ = {isa = PBXFileReference; explicitFileType = wrapper.cfbundle; includeInIndex = 0; path = SwiftTestTests.xctest; sourceTree = BUILT_PRODUCTS_DIR; };
		998D45411EFB8E69002371CF /* SwiftTestTests.swift */ = {isa = PBXFileReference; lastKnownFileType = sourcecode.swift; path = SwiftTestTests.swift; sourceTree = "<group>"; };
		998D45431EFB8E69002371CF /* Info.plist */ = {isa = PBXFileReference; lastKnownFileType = text.plist.xml; path = Info.plist; sourceTree = "<group>"; };
/* End PBXFileReference section */

/* Begin PBXFrameworksBuildPhase section */
		998D45231EFB8E69002371CF /* Frameworks */ = {
			isa = PBXFrameworksBuildPhase;
			buildActionMask = 2147483647;
			files = (
			);
			runOnlyForDeploymentPostprocessing = 0;
		};
		998D453A1EFB8E69002371CF /* Frameworks */ = {
			isa = PBXFrameworksBuildPhase;
			buildActionMask = 2147483647;
			files = (
			);
			runOnlyForDeploymentPostprocessing = 0;
		};
/* End PBXFrameworksBuildPhase section */

/* Begin PBXGroup section */
		998D451D1EFB8E69002371CF = {
			isa = PBXGroup;
			children = (
				998D45281EFB8E69002371CF /* SwiftTest */,
				998D45401EFB8E69002371CF /* SwiftTestTests */,
				998D45271EFB8E69002371CF /* Products */,
			);
			sourceTree = "<group>";
		};
		998D45271EFB8E69002371CF /* Products */ = {
			isa = PBXGroup;
			children = (
				998D45261EFB8E69002371CF /* SwiftTest.app */,
				998D453D1EFB8E69002371CF /* SwiftTestTests.xctest */,
			);
			name = Products;
			sourceTree = "<group>";
		};
		998D45281EFB8E69002371CF /* SwiftTest */ = {
			isa = PBXGroup;
			children = (
				998D45291EFB8E69002371CF /* AppDelegate.swift */,
				998D452B1EFB8E69002371CF /* ViewController.swift */,
				998D452D1EFB8E69002371CF /* Main.storyboard */,
				998D45331EFB8E69002371CF /* Assets.xcassets */,
				998D45351EFB8E69002371CF /* LaunchScreen.storyboard */,
				998D45381EFB8E69002371CF /* Info.plist */,
				998D45301EFB8E69002371CF /* SwiftTest.xcdatamodeld */,
			);
			path = SwiftTest;
			sourceTree = "<group>";
		};
		998D45401EFB8E69002371CF /* SwiftTestTests */ = {
			isa = PBXGroup;
			children = (
				998D45411EFB8E69002371CF /* SwiftTestTests.swift */,
				998D45431EFB8E69002371CF /* Info.plist */,
			);
			path = SwiftTestTests;
			sourceTree = "<group>";
		};
/* End PBXGroup section */

/* Begin PBXNativeTarget section */
		998D45251EFB8E69002371CF /* SwiftTest */ = {
			isa = PBXNativeTarget;
			buildConfigurationList = 998D45461EFB8E69002371CF /* Build configuration list for PBXNativeTarget "SwiftTest" */;
			buildPhases = (
				998D45221EFB8E69002371CF /* Sources */,
				998D45231EFB8E69002371CF /* Frameworks */,
				998D45241EFB8E69002371CF /* Resources */,
			);
			buildRules = (
			);
			dependencies = (
			);
			name = SwiftTest;
			productName = SwiftTest;
			productReference = 998D45261EFB8E69002371CF /* SwiftTest.app */;
			productType = "com.apple.product-type.application";
		};
		998D453C1EFB8E69002371CF /* SwiftTestTests */ = {
			isa = PBXNativeTarget;
			buildConfigurationList = 998D45491EFB8E69002371CF /* Build configuration list for PBXNativeTarget "SwiftTestTests" */;
			buildPhases = (
				998D45391EFB8E69002371CF /* Sources */,
				998D453A1EFB8E69002371CF /* Frameworks */,
				998D453B1EFB8E69002371CF /* Resources */,
			);
			buildRules = (
			);
			dependencies = (
				998D453F1EFB8E69002371CF /* PBXTargetDependency */,
			);
			name = SwiftTestTests;
			productName = SwiftTestTests;
			productReference = 998D453D1EFB8E69002371CF /* SwiftTestTests.xctest */;
			productType = "com.apple.product-type.bundle.unit-test";
		};
/* End PBXNativeTarget section */

/* Begin PBXProject section */
		998D451E1EFB8E69002371CF /* Project object */ = {
			isa = PBXProject;
			attributes = {
				LastSwiftUpdateCheck = 0730;
				LastUpgradeCheck = 0730;
				ORGANIZATIONNAME = Wistron;
				TargetAttributes = {
					998D45251EFB8E69002371CF = {
						CreatedOnToolsVersion = 7.3.1;
					};
					998D453C1EFB8E69002371CF = {
						CreatedOnToolsVersion = 7.3.1;
						TestTargetID = 998D45251EFB8E69002371CF;
					};
				};
			};
			buildConfigurationList = 998D45211EFB8E69002371CF /* Build configuration list for PBXProject "SwiftTest" */;
			compatibilityVersion = "Xcode 3.2";
			developmentRegion = English;
			hasScannedForEncodings = 0;
			knownRegions = (
				en,
				Base,
			);
			mainGroup = 998D451D1EFB8E69002371CF;
			productRefGroup = 998D45271EFB8E69002371CF /* Products */;
			projectDirPath = "";
			projectRoot = "";
			targets = (
				998D45251EFB8E69002371CF /* SwiftTest */,
				998D453C1EFB8E69002371CF /* SwiftTestTests */,
			);
		};
/* End PBXProject section */

/* Begin PBXResourcesBuildPhase section */
		998D45241EFB8E69002371CF /* Resources */ = {
			isa = PBXResourcesBuildPhase;
			buildActionMask = 2147483647;
			files = (
				998D45371EFB8E69002371CF /* LaunchScreen.storyboard in Resources */,
				998D45341EFB8E69002371CF /* Assets.xcassets in Resources */,
				998D452F1EFB8E69002371CF /* Main.storyboard in Resources */,
			);
			runOnlyForDeploymentPostprocessing = 0;
		};
		998D453B1EFB8E69002371CF /* Resources */ = {
			isa = PBXResourcesBuildPhase;
			buildActionMask = 2147483647;
			files = (
			);
			runOnlyForDeploymentPostprocessing = 0;
		};
/* End PBXResourcesBuildPhase section */

/* Begin PBXSourcesBuildPhase section */
		998D45221EFB8E69002371CF /* Sources */ = {
			isa = PBXSourcesBuildPhase;
			buildActionMask = 2147483647;
			files = (
				998D45321EFB8E69002371CF /* SwiftTest.xcdatamodeld in Sources */,
				998D452C1EFB8E69002371CF /* ViewController.swift in Sources */,
				998D452A1EFB8E69002371CF /* AppDelegate.swift in Sources */,
			);
			runOnlyForDeploymentPostprocessing = 0;
		};
		998D45391EFB8E69002371CF /* Sources */ = {
			isa = PBXSourcesBuildPhase;
			buildActionMask = 2147483647;
			files = (
				998D45421EFB8E69002371CF /* SwiftTestTests.swift in Sources */,
			);
			runOnlyForDeploymentPostprocessing = 0;
		};
/* End PBXSourcesBuildPhase section */

/* Begin PBXTargetDependency section */
		998D453F1EFB8E69002371CF /* PBXTargetDependency */ = {
			isa = PBXTargetDependency;
			target = 998D45251EFB8E69002371CF /* SwiftTest */;
			targetProxy = 998D453E1EFB8E69002371CF /* PBXContainerItemProxy */;
		};
/* End PBXTargetDependency section */

/* Begin PBXVariantGroup section */
		998D452D1EFB8E69002371CF /* Main.storyboard */ = {
			isa = PBXVariantGroup;
			children = (
				998D452E1EFB8E69002371CF /* Base */,
			);
			name = Main.storyboard;
			sourceTree = "<group>";
		};
		998D45351EFB8E69002371CF /* LaunchScreen.storyboard */ = {
			isa = PBXVariantGroup;
			children = (
				998D45361EFB8E69002371CF /* Base */,
			);
			name = LaunchScreen.storyboard;
			sourceTree = "<group>";
		};
/* End PBXVariantGroup section */

/* Begin XCBuildConfiguration section */
		998D45441EFB8E69002371CF /* Debug */ = {
			isa = XCBuildConfiguration;
			buildSettings = {
				ALWAYS_SEARCH_USER_PATHS = NO;
				CLANG_ANALYZER_NONNULL = YES;
				CLANG_CXX_LANGUAGE_STANDARD = "gnu++0x";
				CLANG_CXX_LIBRARY = "libc++";
				CLANG_ENABLE_MODULES = YES;
				CLANG_ENABLE_OBJC_ARC = YES;
				CLANG_WARN_BOOL_CONVERSION = YES;
				CLANG_WARN_CONSTANT_CONVERSION = YES;
				CLANG_WARN_DIRECT_OBJC_ISA_USAGE = YES_ERROR;
				CLANG_WARN_EMPTY_BODY = YES;
				CLANG_WARN_ENUM_CONVERSION = YES;
				CLANG_WARN_INT_CONVERSION = YES;
				CLANG_WARN_OBJC_ROOT_CLASS = YES_ERROR;
				CLANG_WARN_UNREACHABLE_CODE = YES;
				CLANG_WARN__DUPLICATE_METHOD_MATCH = YES;
				"CODE_SIGN_IDENTITY[sdk=iphoneos*]" = "iPhone Developer";
				COPY_PHASE_STRIP = NO;
				DEBUG_INFORMATION_FORMAT = dwarf;
				ENABLE_STRICT_OBJC_MSGSEND = YES;
				ENABLE_TESTABILITY = YES;
				GCC_C_LANGUAGE_STANDARD = gnu99;
				GCC_DYNAMIC_NO_PIC = NO;
				GCC_NO_COMMON_BLOCKS = YES;
				GCC_OPTIMIZATION_LEVEL = 0;
				GCC_PREPROCESSOR_DEFINITIONS = (
					"DEBUG=1",
					"$(inherited)",
				);
				GCC_WARN_64_TO_32_BIT_CONVERSION = YES;
				GCC_WARN_ABOUT_RETURN_TYPE = YES_ERROR;
				GCC_WARN_UNDECLARED_SELECTOR = YES;
				GCC_WARN_UNINITIALIZED_AUTOS = YES_AGGRESSIVE;
				GCC_WARN_UNUSED_FUNCTION = YES;
				GCC_WARN_UNUSED_VARIABLE = YES;
				IPHONEOS_DEPLOYMENT_TARGET = 9.3;
				MTL_ENABLE_DEBUG_INFO = YES;
				ONLY_ACTIVE_ARCH = YES;
				SDKROOT = iphoneos;
				SWIFT_OPTIMIZATION_LEVEL = "-Onone";
				TARGETED_DEVICE_FAMILY = "1,2";
			};
			name = Debug;
		};
		998D45451EFB8E69002371CF /* Release */ = {
			isa = XCBuildConfiguration;
			buildSettings = {
				ALWAYS_SEARCH_USER_PATHS = NO;
				CLANG_ANALYZER_NONNULL = YES;
				CLANG_CXX_LANGUAGE_STANDARD = "gnu++0x";
				CLANG_CXX_LIBRARY = "libc++";
				CLANG_ENABLE_MODULES = YES;
				CLANG_ENABLE_OBJC_ARC = YES;
				CLANG_WARN_BOOL_CONVERSION = YES;
				CLANG_WARN_CONSTANT_CONVERSION = YES;
				CLANG_WARN_DIRECT_OBJC_ISA_USAGE = YES_ERROR;
				CLANG_WARN_EMPTY_BODY = YES;
				CLANG_WARN_ENUM_CONVERSION = YES;
				CLANG_WARN_INT_CONVERSION = YES;
				CLANG_WARN_OBJC_ROOT_CLASS = YES_ERROR;
				CLANG_WARN_UNREACHABLE_CODE = YES;
				CLANG_WARN__DUPLICATE_METHOD_MATCH = YES;
				"CODE_SIGN_IDENTITY[sdk=iphoneos*]" = "iPhone Developer";
				COPY_PHASE_STRIP = NO;
				DEBUG_INFORMATION_FORMAT = "dwarf-with-dsym";
				ENABLE_NS_ASSERTIONS = NO;
				ENABLE_STRICT_OBJC_MSGSEND = YES;
				GCC_C_LANGUAGE_STANDARD = gnu99;
				GCC_NO_COMMON_BLOCKS = YES;
				GCC_WARN_64_TO_32_BIT_CONVERSION = YES;
				GCC_WARN_ABOUT_RETURN_TYPE = YES_ERROR;
				GCC_WARN_UNDECLARED_SELECTOR = YES;
				GCC_WARN_UNINITIALIZED_AUTOS = YES_AGGRESSIVE;
				GCC_WARN_UNUSED_FUNCTION = YES;
				GCC_WARN_UNUSED_VARIABLE = YES;
				IPHONEOS_DEPLOYMENT_TARGET = 9.3;
				MTL_ENABLE_DEBUG_INFO = NO;
				SDKROOT = iphoneos;
				TARGETED_DEVICE_FAMILY = "1,2";
				VALIDATE_PRODUCT = YES;
			};
			name = Release;
		};
		998D45471EFB8E69002371CF /* Debug */ = {
			isa = XCBuildConfiguration;
			buildSettings = {
				ASSETCATALOG_COMPILER_APPICON_NAME = AppIcon;
				INFOPLIST_FILE = SwiftTest/Info.plist;
				LD_RUNPATH_SEARCH_PATHS = "$(inherited) @executable_path/Frameworks";
				PRODUCT_BUNDLE_IDENTIFIER = com.wistron.SwiftTest;
				PRODUCT_NAME = "$(TARGET_NAME)";
			};
			name = Debug;
		};
		998D45481EFB8E69002371CF /* Release */ = {
			isa = XCBuildConfiguration;
			buildSettings = {
				ASSETCATALOG_COMPILER_APPICON_NAME = AppIcon;
				INFOPLIST_FILE = SwiftTest/Info.plist;
				LD_RUNPATH_SEARCH_PATHS = "$(inherited) @executable_path/Frameworks";
				PRODUCT_BUNDLE_IDENTIFIER = com.wistron.SwiftTest;
				PRODUCT_NAME = "$(TARGET_NAME)";
			};
			name = Release;
		};
		998D454A1EFB8E69002371CF /* Debug */ = {
			isa = XCBuildConfiguration;
			buildSettings = {
				BUNDLE_LOADER = "$(TEST_HOST)";
				INFOPLIST_FILE = SwiftTestTests/Info.plist;
				LD_RUNPATH_SEARCH_PATHS = "$(inherited) @executable_path/Frameworks @loader_path/Frameworks";
				PRODUCT_BUNDLE_IDENTIFIER = com.wistron.SwiftTestTests;
				PRODUCT_NAME = "$(TARGET_NAME)";
				TEST_HOST = "$(BUILT_PRODUCTS_DIR)/SwiftTest.app/SwiftTest";
			};
			name = Debug;
		};
		998D454B1EFB8E69002371CF /* Release */ = {
			isa = XCBuildConfiguration;
			buildSettings = {
				BUNDLE_LOADER = "$(TEST_HOST)";
				INFOPLIST_FILE = SwiftTestTests/Info.plist;
				LD_RUNPATH_SEARCH_PATHS = "$(inherited) @executable_path/Frameworks @loader_path/Frameworks";
				PRODUCT_BUNDLE_IDENTIFIER = com.wistron.SwiftTestTests;
				PRODUCT_NAME = "$(TARGET_NAME)";
				TEST_HOST = "$(BUILT_PRODUCTS_DIR)/SwiftTest.app/SwiftTest";
			};
			name = Release;
		};
/* End XCBuildConfiguration section */

/* Begin XCConfigurationList section */
		998D45211EFB8E69002371CF /* Build configuration list for PBXProject "SwiftTest" */ = {
			isa = XCConfigurationList;
			buildConfigurations = (
				998D45441EFB8E69002371CF /* Debug */,
				998D45451EFB8E69002371CF /* Release */,
			);
			defaultConfigurationIsVisible = 0;
			defaultConfigurationName = Release;
		};
		998D45461EFB8E69002371CF /* Build configuration list for PBXNativeTarget "SwiftTest" */ = {
			isa = XCConfigurationList;
			buildConfigurations = (
				998D45471EFB8E69002371CF /* Debug */,
				998D45481EFB8E69002371CF /* Release */,
			);
			defaultConfigurationIsVisible = 0;
		};
		998D45491EFB8E69002371CF /* Build configuration list for PBXNativeTarget "SwiftTestTests" */ = {
			isa = XCConfigurationList;
			buildConfigurations = (
				998D454A1EFB8E69002371CF /* Debug */,
				998D454B1EFB8E69002371CF /* Release */,
			);
			defaultConfigurationIsVisible = 0;
		};
/* End XCConfigurationList section */

/* Begin XCVersionGroup section */
		998D45301EFB8E69002371CF /* SwiftTest.xcdatamodeld */ = {
			isa = XCVersionGroup;
			children = (
				998D45311EFB8E69002371CF /* SwiftTest.xcdatamodel */,
			);
			currentVersion = 998D45311EFB8E69002371CF /* SwiftTest.xcdatamodel */;
			path = SwiftTest.xcdatamodeld;
			sourceTree = "<group>";
			versionGroupType = wrapper.xcdatamodel;
		};
/* End XCVersionGroup section */
	};
	rootObject = 998D451E1EFB8E69002371CF /* Project object */;
}
